
Microsoft Visual Studio Solution File, Format Version 12.00
# Visual Studio Version 16
VisualStudioVersion = 16.0.31911.196
MinimumVisualStudioVersion = 10.0.40219.1
Project("{FAE04EC0-301F-11D3-BF4B-00C04F79EFBC}") = "TestGUIDriver", "TestGUIDriver\TestGUIDriver.csproj", "{176FDECB-32EB-4343-A3FF-CB9E4125888D}"
EndProject
Global
	GlobalSection(SolutionConfigurationPlatforms) = preSolution
		Debug|Any CPU = Debug|Any CPU
		Debug|x86 = Debug|x86
		Release|Any CPU = Release|Any CPU
		Release|x86 = Release|x86
	EndGlobalSection
	GlobalSection(ProjectConfigurationPlatforms) = postSolution
		{176FDECB-32EB-4343-A3FF-CB9E4125888D}.Debug|Any CPU.ActiveCfg = Debug|Any CPU
		{176FDECB-32EB-4343-A3FF-CB9E4125888D}.Debug|Any CPU.Build.0 = Debug|Any CPU
		{176FDECB-32EB-4343-A3FF-CB9E4125888D}.Debug|x86.ActiveCfg = Debug|x86
		{176FDECB-32EB-4343-A3FF-CB9E4125888D}.Debug|x86.Build.0 = Debug|x86
		{176FDECB-32EB-4343-A3FF-CB9E4125888D}.Release|Any CPU.ActiveCfg = Release|Any CPU
		{176FDECB-32EB-4343-A3FF-CB9E4125888D}.Release|Any CPU.Build.0 = Release|Any CPU
		{176FDECB-32EB-4343-A3FF-CB9E4125888D}.Release|x86.ActiveCfg = Release|x86
		{176FDECB-32EB-4343-A3FF-CB9E4125888D}.Release|x86.Build.0 = Release|x86
	EndGlobalSection
	GlobalSection(SolutionProperties) = preSolution
		HideSolutionNode = FALSE
	EndGlobalSection
	GlobalSection(ExtensibilityGlobals) = postSolution
		SolutionGuid = {8EA1ED12-9003-4235-B5E8-0F1629CE2040}
	EndGlobalSection
EndGlobal
